
Microsoft Visual Studio Solution File, Format Version 12.00
# Visual Studio Version 17
VisualStudioVersion = 17.4.33213.308
MinimumVisualStudioVersion = 10.0.40219.1
Project("{9A19103F-16F7-4668-BE54-9A1E7A4F7556}") = "Lab_1_1", "Lab_1_1.csproj", "{D04BA1BF-B78D-4730-A8CA-44A3457E22E9}"
EndProject
Project("{FAE04EC0-301F-11D3-BF4B-00C04F79EFBC}") = "Test1", "..\Test1\Test1.csproj", "{E6BF7B93-FDF4-44DD-BBFB-B19E477BAD61}"
EndProject
Global
	GlobalSection(SolutionConfigurationPlatforms) = preSolution
		Debug|Any CPU = Debug|Any CPU
		Release|Any CPU = Release|Any CPU
	EndGlobalSection
	GlobalSection(ProjectConfigurationPlatforms) = postSolution
		{D04BA1BF-B78D-4730-A8CA-44A3457E22E9}.Debug|Any CPU.ActiveCfg = Debug|Any CPU
		{D04BA1BF-B78D-4730-A8CA-44A3457E22E9}.Debug|Any CPU.Build.0 = Debug|Any CPU
		{D04BA1BF-B78D-4730-A8CA-44A3457E22E9}.Release|Any CPU.ActiveCfg = Release|Any CPU
		{D04BA1BF-B78D-4730-A8CA-44A3457E22E9}.Release|Any CPU.Build.0 = Release|Any CPU
		{E6BF7B93-FDF4-44DD-BBFB-B19E477BAD61}.Debug|Any CPU.ActiveCfg = Debug|Any CPU
		{E6BF7B93-FDF4-44DD-BBFB-B19E477BAD61}.Debug|Any CPU.Build.0 = Debug|Any CPU
		{E6BF7B93-FDF4-44DD-BBFB-B19E477BAD61}.Release|Any CPU.ActiveCfg = Release|Any CPU
		{E6BF7B93-FDF4-44DD-BBFB-B19E477BAD61}.Release|Any CPU.Build.0 = Release|Any CPU
	EndGlobalSection
	GlobalSection(SolutionProperties) = preSolution
		HideSolutionNode = FALSE
	EndGlobalSection
	GlobalSection(ExtensibilityGlobals) = postSolution
		SolutionGuid = {9D76A0D2-5C93-47C2-BC80-2F3F088D96ED}
	EndGlobalSection
EndGlobal
